github.com/Pravin-Jalodiya/Puppy v1.1.0 h1:6A0DhndnPUWmCcukhkZanhaM+tJNiZYaAfncBKYO97M=
github.com/Pravin-Jalodiya/Puppy v1.1.0/go.mod h1:LgQ0dh03QhkTMmmw0WiplfqNQ1wu/xKTrzS3MVsckik=
github.com/Pravin-Jalodiya/Version-Testing/v2 v2.0.0-pre.1 h1:9mstQw2X//4CNgHx6+QPNAjQ3HIBFVkiHoXbMC5otPk=
github.com/Pravin-Jalodiya/Version-Testing/v2 v2.0.0-pre.1/go.mod h1:bYYWbV7ks1hBkpDi6blgh8fUfeI+8s7MZNujgwYlFlY=
